
Microsoft Visual Studio Solution File, Format Version 12.00
# Visual Studio Version 17
VisualStudioVersion = 17.5.002.0
MinimumVisualStudioVersion = 10.0.40219.1
Project("{9A19103F-16F7-4668-BE54-9A1E7A4F7556}") = "TreeGenealogy", "TreeGenealogy\TreeGenealogy.csproj", "{8CCC5869-C7B6-412E-8303-FE8050E06CEA}"
EndProject
Project("{FAE04EC0-301F-11D3-BF4B-00C04F79EFBC}") = "Client", "Client\Client.csproj", "{062E5DC8-D8A5-4033-93C8-E34FCBD4327E}"
EndProject
Global
	GlobalSection(SolutionConfigurationPlatforms) = preSolution
		Debug|Any CPU = Debug|Any CPU
		Release|Any CPU = Release|Any CPU
	EndGlobalSection
	GlobalSection(ProjectConfigurationPlatforms) = postSolution
		{8CCC5869-C7B6-412E-8303-FE8050E06CEA}.Debug|Any CPU.ActiveCfg = Debug|Any CPU
		{8CCC5869-C7B6-412E-8303-FE8050E06CEA}.Debug|Any CPU.Build.0 = Debug|Any CPU
		{8CCC5869-C7B6-412E-8303-FE8050E06CEA}.Release|Any CPU.ActiveCfg = Release|Any CPU
		{8CCC5869-C7B6-412E-8303-FE8050E06CEA}.Release|Any CPU.Build.0 = Release|Any CPU
		{062E5DC8-D8A5-4033-93C8-E34FCBD4327E}.Debug|Any CPU.ActiveCfg = Debug|Any CPU
		{062E5DC8-D8A5-4033-93C8-E34FCBD4327E}.Debug|Any CPU.Build.0 = Debug|Any CPU
		{062E5DC8-D8A5-4033-93C8-E34FCBD4327E}.Release|Any CPU.ActiveCfg = Release|Any CPU
		{062E5DC8-D8A5-4033-93C8-E34FCBD4327E}.Release|Any CPU.Build.0 = Release|Any CPU
	EndGlobalSection
	GlobalSection(SolutionProperties) = preSolution
		HideSolutionNode = FALSE
	EndGlobalSection
	GlobalSection(ExtensibilityGlobals) = postSolution
		SolutionGuid = {34EDA672-46C6-43EC-8CCD-CC66B7AFE974}
	EndGlobalSection
EndGlobal
